
Microsoft Visual Studio Solution File, Format Version 12.00
# Visual Studio Version 17
VisualStudioVersion = 17.1.32407.343
MinimumVisualStudioVersion = 10.0.40219.1
Project("{9A19103F-16F7-4668-BE54-9A1E7A4F7556}") = "Metalhead.WpfApiDataExample.UI.Wpf", "Metalhead.WpfApiDataExample.UI.Wpf\Metalhead.WpfApiDataExample.UI.Wpf.csproj", "{88779371-3CD2-4A81-A19A-D5D853578FB4}"
EndProject
Project("{9A19103F-16F7-4668-BE54-9A1E7A4F7556}") = "Metalhead.WpfApiDataExample.UI.Core", "Metalhead.WpfApiDataExample.UI.Core\Metalhead.WpfApiDataExample.UI.Core.csproj", "{EFFD67D6-B0DE-4F7E-B4EB-5DB84B398F7C}"
EndProject
Project("{9A19103F-16F7-4668-BE54-9A1E7A4F7556}") = "Metalhead.WpfApiDataExample.DataManager.Core", "Metalhead.WpfApiDataExample.DataManager.Core\Metalhead.WpfApiDataExample.DataManager.Core.csproj", "{8175FE32-A672-42B6-8F2B-0090CB01740D}"
EndProject
Project("{9A19103F-16F7-4668-BE54-9A1E7A4F7556}") = "Metalhead.WpfApiDataExample.DataManager.Api", "Metalhead.WpfApiDataExample.DataManager.Api\Metalhead.WpfApiDataExample.DataManager.Api.csproj", "{0AECFF53-BF5E-46A8-913F-32704111F203}"
EndProject
Global
	GlobalSection(SolutionConfigurationPlatforms) = preSolution
		Debug|Any CPU = Debug|Any CPU
		Release|Any CPU = Release|Any CPU
	EndGlobalSection
	GlobalSection(ProjectConfigurationPlatforms) = postSolution
		{88779371-3CD2-4A81-A19A-D5D853578FB4}.Debug|Any CPU.ActiveCfg = Debug|Any CPU
		{88779371-3CD2-4A81-A19A-D5D853578FB4}.Debug|Any CPU.Build.0 = Debug|Any CPU
		{88779371-3CD2-4A81-A19A-D5D853578FB4}.Release|Any CPU.ActiveCfg = Release|Any CPU
		{88779371-3CD2-4A81-A19A-D5D853578FB4}.Release|Any CPU.Build.0 = Release|Any CPU
		{EFFD67D6-B0DE-4F7E-B4EB-5DB84B398F7C}.Debug|Any CPU.ActiveCfg = Debug|Any CPU
		{EFFD67D6-B0DE-4F7E-B4EB-5DB84B398F7C}.Debug|Any CPU.Build.0 = Debug|Any CPU
		{EFFD67D6-B0DE-4F7E-B4EB-5DB84B398F7C}.Release|Any CPU.ActiveCfg = Release|Any CPU
		{EFFD67D6-B0DE-4F7E-B4EB-5DB84B398F7C}.Release|Any CPU.Build.0 = Release|Any CPU
		{8175FE32-A672-42B6-8F2B-0090CB01740D}.Debug|Any CPU.ActiveCfg = Debug|Any CPU
		{8175FE32-A672-42B6-8F2B-0090CB01740D}.Debug|Any CPU.Build.0 = Debug|Any CPU
		{8175FE32-A672-42B6-8F2B-0090CB01740D}.Release|Any CPU.ActiveCfg = Release|Any CPU
		{8175FE32-A672-42B6-8F2B-0090CB01740D}.Release|Any CPU.Build.0 = Release|Any CPU
		{0AECFF53-BF5E-46A8-913F-32704111F203}.Debug|Any CPU.ActiveCfg = Debug|Any CPU
		{0AECFF53-BF5E-46A8-913F-32704111F203}.Debug|Any CPU.Build.0 = Debug|Any CPU
		{0AECFF53-BF5E-46A8-913F-32704111F203}.Release|Any CPU.ActiveCfg = Release|Any CPU
		{0AECFF53-BF5E-46A8-913F-32704111F203}.Release|Any CPU.Build.0 = Release|Any CPU
	EndGlobalSection
	GlobalSection(SolutionProperties) = preSolution
		HideSolutionNode = FALSE
	EndGlobalSection
	GlobalSection(ExtensibilityGlobals) = postSolution
		SolutionGuid = {88A82000-193C-4AD5-8688-4A81714CD3BA}
	EndGlobalSection
EndGlobal
